
Microsoft Visual Studio Solution File, Format Version 12.00
# Visual Studio Version 16
VisualStudioVersion = 16.0.31112.23
MinimumVisualStudioVersion = 10.0.40219.1
Project("{8BC9CEB8-8B4A-11D0-8D11-00A0C91BC942}") = "Game", "Game.vcxproj", "{74A5DC00-A8D7-4B80-8DD8-BA882947BC3F}"
	ProjectSection(ProjectDependencies) = postProject
		{0D6E5A0D-BFF6-42F2-ADAF-7CC22408CE4C} = {0D6E5A0D-BFF6-42F2-ADAF-7CC22408CE4C}
		{36ED7316-C64C-41D7-A29D-0A242DD84979} = {36ED7316-C64C-41D7-A29D-0A242DD84979}
		{5B30E24A-3E93-46EE-9101-D21E99683886} = {5B30E24A-3E93-46EE-9101-D21E99683886}
		{DF8CF193-4210-488C-AC6F-0053D9995E3B} = {DF8CF193-4210-488C-AC6F-0053D9995E3B}
	EndProjectSection
EndProject
Project("{2150E333-8FDC-42A3-9474-1A3956D46DE8}") = "PlaygroundEngine", "PlaygroundEngine", "{EA6725AD-16D4-4FEB-BF17-B9877EF90EC1}"
EndProject
Project("{8BC9CEB8-8B4A-11D0-8D11-00A0C91BC942}") = "Core", "..\..\..\PlaygroundEngine\Source\Lib\Core\Core.vcxproj", "{5B30E24A-3E93-46EE-9101-D21E99683886}"
	ProjectSection(ProjectDependencies) = postProject
		{36ED7316-C64C-41D7-A29D-0A242DD84979} = {36ED7316-C64C-41D7-A29D-0A242DD84979}
	EndProjectSection
EndProject
Project("{8BC9CEB8-8B4A-11D0-8D11-00A0C91BC942}") = "Engine", "..\..\..\PlaygroundEngine\Source\Lib\Engine\Engine.vcxproj", "{0D6E5A0D-BFF6-42F2-ADAF-7CC22408CE4C}"
	ProjectSection(ProjectDependencies) = postProject
		{36ED7316-C64C-41D7-A29D-0A242DD84979} = {36ED7316-C64C-41D7-A29D-0A242DD84979}
		{5B30E24A-3E93-46EE-9101-D21E99683886} = {5B30E24A-3E93-46EE-9101-D21E99683886}
		{DF8CF193-4210-488C-AC6F-0053D9995E3B} = {DF8CF193-4210-488C-AC6F-0053D9995E3B}
	EndProjectSection
EndProject
Project("{8BC9CEB8-8B4A-11D0-8D11-00A0C91BC942}") = "Renderer", "..\..\..\PlaygroundEngine\Source\Lib\Renderer\Renderer.vcxproj", "{DF8CF193-4210-488C-AC6F-0053D9995E3B}"
	ProjectSection(ProjectDependencies) = postProject
		{36ED7316-C64C-41D7-A29D-0A242DD84979} = {36ED7316-C64C-41D7-A29D-0A242DD84979}
		{5B30E24A-3E93-46EE-9101-D21E99683886} = {5B30E24A-3E93-46EE-9101-D21E99683886}
	EndProjectSection
EndProject
Project("{8BC9CEB8-8B4A-11D0-8D11-00A0C91BC942}") = "Vendor", "..\..\..\PlaygroundEngine\Source\Vendor\Vendor.vcxproj", "{36ED7316-C64C-41D7-A29D-0A242DD84979}"
EndProject
Global
	GlobalSection(SolutionConfigurationPlatforms) = preSolution
		Debug|x64_DX11 = Debug|x64_DX11
		Debug|x64_DX12 = Debug|x64_DX12
		Debug|x86 = Debug|x86
		DebugTools|x64_DX11 = DebugTools|x64_DX11
		DebugTools|x64_DX12 = DebugTools|x64_DX12
		DebugTools|x86 = DebugTools|x86
		Release|x64_DX11 = Release|x64_DX11
		Release|x64_DX12 = Release|x64_DX12
		Release|x86 = Release|x86
	EndGlobalSection
	GlobalSection(ProjectConfigurationPlatforms) = postSolution
		{74A5DC00-A8D7-4B80-8DD8-BA882947BC3F}.Debug|x64_DX11.ActiveCfg = Debug|x64
		{74A5DC00-A8D7-4B80-8DD8-BA882947BC3F}.Debug|x64_DX11.Build.0 = Debug|x64
		{74A5DC00-A8D7-4B80-8DD8-BA882947BC3F}.Debug|x64_DX12.ActiveCfg = Debug|x64
		{74A5DC00-A8D7-4B80-8DD8-BA882947BC3F}.Debug|x64_DX12.Build.0 = Debug|x64
		{74A5DC00-A8D7-4B80-8DD8-BA882947BC3F}.Debug|x86.ActiveCfg = Debug|Win32
		{74A5DC00-A8D7-4B80-8DD8-BA882947BC3F}.Debug|x86.Build.0 = Debug|Win32
		{74A5DC00-A8D7-4B80-8DD8-BA882947BC3F}.DebugTools|x64_DX11.ActiveCfg = Debug|x64
		{74A5DC00-A8D7-4B80-8DD8-BA882947BC3F}.DebugTools|x64_DX11.Build.0 = Debug|x64
		{74A5DC00-A8D7-4B80-8DD8-BA882947BC3F}.DebugTools|x64_DX12.ActiveCfg = Debug|x64
		{74A5DC00-A8D7-4B80-8DD8-BA882947BC3F}.DebugTools|x64_DX12.Build.0 = Debug|x64
		{74A5DC00-A8D7-4B80-8DD8-BA882947BC3F}.DebugTools|x86.ActiveCfg = Debug|Win32
		{74A5DC00-A8D7-4B80-8DD8-BA882947BC3F}.DebugTools|x86.Build.0 = Debug|Win32
		{74A5DC00-A8D7-4B80-8DD8-BA882947BC3F}.Release|x64_DX11.ActiveCfg = Release|x64
		{74A5DC00-A8D7-4B80-8DD8-BA882947BC3F}.Release|x64_DX11.Build.0 = Release|x64
		{74A5DC00-A8D7-4B80-8DD8-BA882947BC3F}.Release|x64_DX12.ActiveCfg = Release|x64
		{74A5DC00-A8D7-4B80-8DD8-BA882947BC3F}.Release|x64_DX12.Build.0 = Release|x64
		{74A5DC00-A8D7-4B80-8DD8-BA882947BC3F}.Release|x86.ActiveCfg = Release|Win32
		{74A5DC00-A8D7-4B80-8DD8-BA882947BC3F}.Release|x86.Build.0 = Release|Win32
		{5B30E24A-3E93-46EE-9101-D21E99683886}.Debug|x64_DX11.ActiveCfg = Debug|x64
		{5B30E24A-3E93-46EE-9101-D21E99683886}.Debug|x64_DX11.Build.0 = Debug|x64
		{5B30E24A-3E93-46EE-9101-D21E99683886}.Debug|x64_DX12.ActiveCfg = Debug|x64
		{5B30E24A-3E93-46EE-9101-D21E99683886}.Debug|x64_DX12.Build.0 = Debug|x64
		{5B30E24A-3E93-46EE-9101-D21E99683886}.Debug|x86.ActiveCfg = Debug|Win32
		{5B30E24A-3E93-46EE-9101-D21E99683886}.Debug|x86.Build.0 = Debug|Win32
		{5B30E24A-3E93-46EE-9101-D21E99683886}.DebugTools|x64_DX11.ActiveCfg = Debug|x64
		{5B30E24A-3E93-46EE-9101-D21E99683886}.DebugTools|x64_DX11.Build.0 = Debug|x64
		{5B30E24A-3E93-46EE-9101-D21E99683886}.DebugTools|x64_DX12.ActiveCfg = Debug|x64
		{5B30E24A-3E93-46EE-9101-D21E99683886}.DebugTools|x64_DX12.Build.0 = Debug|x64
		{5B30E24A-3E93-46EE-9101-D21E99683886}.DebugTools|x86.ActiveCfg = Debug|Win32
		{5B30E24A-3E93-46EE-9101-D21E99683886}.DebugTools|x86.Build.0 = Debug|Win32
		{5B30E24A-3E93-46EE-9101-D21E99683886}.Release|x64_DX11.ActiveCfg = Release|x64
		{5B30E24A-3E93-46EE-9101-D21E99683886}.Release|x64_DX11.Build.0 = Release|x64
		{5B30E24A-3E93-46EE-9101-D21E99683886}.Release|x64_DX12.ActiveCfg = Release|x64
		{5B30E24A-3E93-46EE-9101-D21E99683886}.Release|x64_DX12.Build.0 = Release|x64
		{5B30E24A-3E93-46EE-9101-D21E99683886}.Release|x86.ActiveCfg = Release|Win32
		{5B30E24A-3E93-46EE-9101-D21E99683886}.Release|x86.Build.0 = Release|Win32
		{0D6E5A0D-BFF6-42F2-ADAF-7CC22408CE4C}.Debug|x64_DX11.ActiveCfg = Debug|x64
		{0D6E5A0D-BFF6-42F2-ADAF-7CC22408CE4C}.Debug|x64_DX11.Build.0 = Debug|x64
		{0D6E5A0D-BFF6-42F2-ADAF-7CC22408CE4C}.Debug|x64_DX12.ActiveCfg = Debug|x64
		{0D6E5A0D-BFF6-42F2-ADAF-7CC22408CE4C}.Debug|x64_DX12.Build.0 = Debug|x64
		{0D6E5A0D-BFF6-42F2-ADAF-7CC22408CE4C}.Debug|x86.ActiveCfg = Debug|Win32
		{0D6E5A0D-BFF6-42F2-ADAF-7CC22408CE4C}.Debug|x86.Build.0 = Debug|Win32
		{0D6E5A0D-BFF6-42F2-ADAF-7CC22408CE4C}.DebugTools|x64_DX11.ActiveCfg = Debug|x64
		{0D6E5A0D-BFF6-42F2-ADAF-7CC22408CE4C}.DebugTools|x64_DX11.Build.0 = Debug|x64
		{0D6E5A0D-BFF6-42F2-ADAF-7CC22408CE4C}.DebugTools|x64_DX12.ActiveCfg = Debug|x64
		{0D6E5A0D-BFF6-42F2-ADAF-7CC22408CE4C}.DebugTools|x64_DX12.Build.0 = Debug|x64
		{0D6E5A0D-BFF6-42F2-ADAF-7CC22408CE4C}.DebugTools|x86.ActiveCfg = Debug|Win32
		{0D6E5A0D-BFF6-42F2-ADAF-7CC22408CE4C}.DebugTools|x86.Build.0 = Debug|Win32
		{0D6E5A0D-BFF6-42F2-ADAF-7CC22408CE4C}.Release|x64_DX11.ActiveCfg = Release|x64
		{0D6E5A0D-BFF6-42F2-ADAF-7CC22408CE4C}.Release|x64_DX11.Build.0 = Release|x64
		{0D6E5A0D-BFF6-42F2-ADAF-7CC22408CE4C}.Release|x64_DX12.ActiveCfg = Release|x64
		{0D6E5A0D-BFF6-42F2-ADAF-7CC22408CE4C}.Release|x64_DX12.Build.0 = Release|x64
		{0D6E5A0D-BFF6-42F2-ADAF-7CC22408CE4C}.Release|x86.ActiveCfg = Release|Win32
		{0D6E5A0D-BFF6-42F2-ADAF-7CC22408CE4C}.Release|x86.Build.0 = Release|Win32
		{DF8CF193-4210-488C-AC6F-0053D9995E3B}.Debug|x64_DX11.ActiveCfg = Debug|x64
		{DF8CF193-4210-488C-AC6F-0053D9995E3B}.Debug|x64_DX11.Build.0 = Debug|x64
		{DF8CF193-4210-488C-AC6F-0053D9995E3B}.Debug|x64_DX12.ActiveCfg = Debug|x64
		{DF8CF193-4210-488C-AC6F-0053D9995E3B}.Debug|x64_DX12.Build.0 = Debug|x64
		{DF8CF193-4210-488C-AC6F-0053D9995E3B}.Debug|x86.ActiveCfg = Debug|Win32
		{DF8CF193-4210-488C-AC6F-0053D9995E3B}.Debug|x86.Build.0 = Debug|Win32
		{DF8CF193-4210-488C-AC6F-0053D9995E3B}.DebugTools|x64_DX11.ActiveCfg = Debug|x64
		{DF8CF193-4210-488C-AC6F-0053D9995E3B}.DebugTools|x64_DX11.Build.0 = Debug|x64
		{DF8CF193-4210-488C-AC6F-0053D9995E3B}.DebugTools|x64_DX12.ActiveCfg = Debug|x64
		{DF8CF193-4210-488C-AC6F-0053D9995E3B}.DebugTools|x64_DX12.Build.0 = Debug|x64
		{DF8CF193-4210-488C-AC6F-0053D9995E3B}.DebugTools|x86.ActiveCfg = Debug|Win32
		{DF8CF193-4210-488C-AC6F-0053D9995E3B}.DebugTools|x86.Build.0 = Debug|Win32
		{DF8CF193-4210-488C-AC6F-0053D9995E3B}.Release|x64_DX11.ActiveCfg = Release|x64
		{DF8CF193-4210-488C-AC6F-0053D9995E3B}.Release|x64_DX11.Build.0 = Release|x64
		{DF8CF193-4210-488C-AC6F-0053D9995E3B}.Release|x64_DX12.ActiveCfg = Release|x64
		{DF8CF193-4210-488C-AC6F-0053D9995E3B}.Release|x64_DX12.Build.0 = Release|x64
		{DF8CF193-4210-488C-AC6F-0053D9995E3B}.Release|x86.ActiveCfg = Release|Win32
		{DF8CF193-4210-488C-AC6F-0053D9995E3B}.Release|x86.Build.0 = Release|Win32
		{36ED7316-C64C-41D7-A29D-0A242DD84979}.Debug|x64_DX11.ActiveCfg = Debug|x64
		{36ED7316-C64C-41D7-A29D-0A242DD84979}.Debug|x64_DX11.Build.0 = Debug|x64
		{36ED7316-C64C-41D7-A29D-0A242DD84979}.Debug|x64_DX12.ActiveCfg = Debug|x64
		{36ED7316-C64C-41D7-A29D-0A242DD84979}.Debug|x64_DX12.Build.0 = Debug|x64
		{36ED7316-C64C-41D7-A29D-0A242DD84979}.Debug|x86.ActiveCfg = Debug|Win32
		{36ED7316-C64C-41D7-A29D-0A242DD84979}.Debug|x86.Build.0 = Debug|Win32
		{36ED7316-C64C-41D7-A29D-0A242DD84979}.DebugTools|x64_DX11.ActiveCfg = DebugTools|x64
		{36ED7316-C64C-41D7-A29D-0A242DD84979}.DebugTools|x64_DX11.Build.0 = DebugTools|x64
		{36ED7316-C64C-41D7-A29D-0A242DD84979}.DebugTools|x64_DX12.ActiveCfg = DebugTools|x64
		{36ED7316-C64C-41D7-A29D-0A242DD84979}.DebugTools|x64_DX12.Build.0 = DebugTools|x64
		{36ED7316-C64C-41D7-A29D-0A242DD84979}.DebugTools|x86.ActiveCfg = DebugTools|Win32
		{36ED7316-C64C-41D7-A29D-0A242DD84979}.DebugTools|x86.Build.0 = DebugTools|Win32
		{36ED7316-C64C-41D7-A29D-0A242DD84979}.Release|x64_DX11.ActiveCfg = Release|x64
		{36ED7316-C64C-41D7-A29D-0A242DD84979}.Release|x64_DX11.Build.0 = Release|x64
		{36ED7316-C64C-41D7-A29D-0A242DD84979}.Release|x64_DX12.ActiveCfg = Release|x64
		{36ED7316-C64C-41D7-A29D-0A242DD84979}.Release|x64_DX12.Build.0 = Release|x64
		{36ED7316-C64C-41D7-A29D-0A242DD84979}.Release|x86.ActiveCfg = Release|Win32
		{36ED7316-C64C-41D7-A29D-0A242DD84979}.Release|x86.Build.0 = Release|Win32
	EndGlobalSection
	GlobalSection(SolutionProperties) = preSolution
		HideSolutionNode = FALSE
	EndGlobalSection
	GlobalSection(NestedProjects) = preSolution
		{5B30E24A-3E93-46EE-9101-D21E99683886} = {EA6725AD-16D4-4FEB-BF17-B9877EF90EC1}
		{0D6E5A0D-BFF6-42F2-ADAF-7CC22408CE4C} = {EA6725AD-16D4-4FEB-BF17-B9877EF90EC1}
		{DF8CF193-4210-488C-AC6F-0053D9995E3B} = {EA6725AD-16D4-4FEB-BF17-B9877EF90EC1}
		{36ED7316-C64C-41D7-A29D-0A242DD84979} = {EA6725AD-16D4-4FEB-BF17-B9877EF90EC1}
	EndGlobalSection
	GlobalSection(ExtensibilityGlobals) = postSolution
		SolutionGuid = {72056A01-B06F-4091-AC3B-231E022E6D0A}
	EndGlobalSection
EndGlobal
