<?xml version="1.0" encoding="utf-8"?>
<Project ToolsVersion="4.0" xmlns="http://schemas.microsoft.com/developer/msbuild/2003">
  <ItemGroup>
    <CustomBuild Include="Console\Console.cpp">
      <Filter>Console</Filter>
    </CustomBuild>
    <CustomBuild Include="Console\Console.h">
      <Filter>Console</Filter>
    </CustomBuild>
    <CustomBuild Include="Core.bff">
    </CustomBuild>
    <CustomBuild Include="Core.h">
    </CustomBuild>
    <CustomBuild Include="CoreReflection.cpp">
    </CustomBuild>
    <CustomBuild Include="CoreSystem.cpp">
    </CustomBuild>
    <CustomBuild Include="CoreSystem.h">
    </CustomBuild>
    <CustomBuild Include="DataStructures\Singleton.h">
      <Filter>DataStructures</Filter>
    </CustomBuild>
    <CustomBuild Include="Debug\Assert.cpp">
      <Filter>Debug</Filter>
    </CustomBuild>
    <CustomBuild Include="Debug\Assert.h">
      <Filter>Debug</Filter>
    </CustomBuild>
    <CustomBuild Include="Debug\DebugImgui.cpp">
      <Filter>Debug</Filter>
    </CustomBuild>
    <CustomBuild Include="Debug\DebugImgui.h">
      <Filter>Debug</Filter>
    </CustomBuild>
    <CustomBuild Include="Debug\Log.cpp">
      <Filter>Debug</Filter>
    </CustomBuild>
    <CustomBuild Include="Debug\Log.h">
      <Filter>Debug</Filter>
    </CustomBuild>
    <CustomBuild Include="File\File.cpp">
      <Filter>File</Filter>
    </CustomBuild>
    <CustomBuild Include="File\File.h">
      <Filter>File</Filter>
    </CustomBuild>
    <CustomBuild Include="File\File.inl">
      <Filter>File</Filter>
    </CustomBuild>
    <CustomBuild Include="GeneratedCode\Color.reflgen.cpp">
      <Filter>GeneratedCode</Filter>
    </CustomBuild>
    <CustomBuild Include="GeneratedCode\Color.reflgen.h">
      <Filter>GeneratedCode</Filter>
    </CustomBuild>
    <CustomBuild Include="GeneratedCode\CoreReflection_Debug.reflgen.cpp">
      <Filter>GeneratedCode</Filter>
    </CustomBuild>
    <CustomBuild Include="GeneratedCode\CoreReflection_Debug.reflgen.h">
      <Filter>GeneratedCode</Filter>
    </CustomBuild>
    <CustomBuild Include="GeneratedCode\Stream.reflgen.cpp">
      <Filter>GeneratedCode</Filter>
    </CustomBuild>
    <CustomBuild Include="GeneratedCode\Stream.reflgen.h">
      <Filter>GeneratedCode</Filter>
    </CustomBuild>
    <CustomBuild Include="GeneratedCode\Vector.reflgen.cpp">
      <Filter>GeneratedCode</Filter>
    </CustomBuild>
    <CustomBuild Include="GeneratedCode\Vector.reflgen.h">
      <Filter>GeneratedCode</Filter>
    </CustomBuild>
    <CustomBuild Include="Math\MathUtil.h">
      <Filter>Math</Filter>
    </CustomBuild>
    <CustomBuild Include="Math\Matrix.cpp">
      <Filter>Math</Filter>
    </CustomBuild>
    <CustomBuild Include="Math\Matrix.h">
      <Filter>Math</Filter>
    </CustomBuild>
    <CustomBuild Include="Math\Quaternion.cpp">
      <Filter>Math</Filter>
    </CustomBuild>
    <CustomBuild Include="Math\Quaternion.h">
      <Filter>Math</Filter>
    </CustomBuild>
    <CustomBuild Include="Math\Transform.cpp">
      <Filter>Math</Filter>
    </CustomBuild>
    <CustomBuild Include="Math\Transform.h">
      <Filter>Math</Filter>
    </CustomBuild>
    <CustomBuild Include="Math\Vector.cpp">
      <Filter>Math</Filter>
    </CustomBuild>
    <CustomBuild Include="Math\Vector.h">
      <Filter>Math</Filter>
    </CustomBuild>
    <CustomBuild Include="Memory\Memory.cpp">
      <Filter>Memory</Filter>
    </CustomBuild>
    <CustomBuild Include="Memory\Memory.h">
      <Filter>Memory</Filter>
    </CustomBuild>
    <CustomBuild Include="OS\OS.cpp">
      <Filter>OS</Filter>
    </CustomBuild>
    <CustomBuild Include="OS\OS.h">
      <Filter>OS</Filter>
    </CustomBuild>
    <CustomBuild Include="OS\OSWin32.cpp">
      <Filter>OS</Filter>
    </CustomBuild>
    <CustomBuild Include="OS\OSWin32.h">
      <Filter>OS</Filter>
    </CustomBuild>
    <CustomBuild Include="Reflection\ReflMarkup.h">
      <Filter>Reflection</Filter>
    </CustomBuild>
    <CustomBuild Include="Reflection\ReflSerialize.cpp">
      <Filter>Reflection</Filter>
    </CustomBuild>
    <CustomBuild Include="Reflection\ReflSerialize.h">
      <Filter>Reflection</Filter>
    </CustomBuild>
    <CustomBuild Include="Streaming\AssetFactory.h">
      <Filter>Streaming</Filter>
    </CustomBuild>
    <CustomBuild Include="Streaming\AssetFactory.inl">
      <Filter>Streaming</Filter>
    </CustomBuild>
    <CustomBuild Include="Streaming\Stream.cpp">
      <Filter>Streaming</Filter>
    </CustomBuild>
    <CustomBuild Include="Streaming\Stream.h">
      <Filter>Streaming</Filter>
    </CustomBuild>
    <CustomBuild Include="Util\BitUtil.h">
      <Filter>Util</Filter>
    </CustomBuild>
    <CustomBuild Include="Util\Color.cpp">
      <Filter>Util</Filter>
    </CustomBuild>
    <CustomBuild Include="Util\Color.h">
      <Filter>Util</Filter>
    </CustomBuild>
    <CustomBuild Include="Util\Serialize.cpp">
      <Filter>Util</Filter>
    </CustomBuild>
    <CustomBuild Include="Util\Serialize.h">
      <Filter>Util</Filter>
    </CustomBuild>
    <CustomBuild Include="Util\String.cpp">
      <Filter>Util</Filter>
    </CustomBuild>
    <CustomBuild Include="Util\String.h">
      <Filter>Util</Filter>
    </CustomBuild>
    <CustomBuild Include="Util\Timer.cpp">
      <Filter>Util</Filter>
    </CustomBuild>
    <CustomBuild Include="Util\Timer.h">
      <Filter>Util</Filter>
    </CustomBuild>
    <CustomBuild Include="Util\Util.cpp">
      <Filter>Util</Filter>
    </CustomBuild>
    <CustomBuild Include="Util\Util.h">
      <Filter>Util</Filter>
    </CustomBuild>
    <CustomBuild Include="Util\Util.inl">
      <Filter>Util</Filter>
    </CustomBuild>
    <CustomBuild Include="Util\Xml.cpp">
      <Filter>Util</Filter>
    </CustomBuild>
    <CustomBuild Include="Util\Xml.h">
      <Filter>Util</Filter>
    </CustomBuild>
  </ItemGroup>
  <ItemGroup>
    <Filter Include="Console">
      <UniqueIdentifier>{1213482e-6c94-4f93-bc2a-7f5284b7d434}</UniqueIdentifier>
    </Filter>
  </ItemGroup>
  <ItemGroup>
    <Filter Include="DataStructures">
      <UniqueIdentifier>{5470bdea-6c94-4f93-bc2a-7f5284b7d434}</UniqueIdentifier>
    </Filter>
  </ItemGroup>
  <ItemGroup>
    <Filter Include="Debug">
      <UniqueIdentifier>{9363e791-6c94-4f93-bc2a-7f5284b7d434}</UniqueIdentifier>
    </Filter>
  </ItemGroup>
  <ItemGroup>
    <Filter Include="File">
      <UniqueIdentifier>{e762fe21-6c94-4f93-bc2a-7f5284b7d434}</UniqueIdentifier>
    </Filter>
  </ItemGroup>
  <ItemGroup>
    <Filter Include="GeneratedCode">
      <UniqueIdentifier>{56bea851-6c94-4f93-bc2a-7f5284b7d434}</UniqueIdentifier>
    </Filter>
  </ItemGroup>
  <ItemGroup>
    <Filter Include="Math">
      <UniqueIdentifier>{965656a5-6c94-4f93-bc2a-7f5284b7d434}</UniqueIdentifier>
    </Filter>
  </ItemGroup>
  <ItemGroup>
    <Filter Include="Memory">
      <UniqueIdentifier>{e8700c78-6c94-4f93-bc2a-7f5284b7d434}</UniqueIdentifier>
    </Filter>
  </ItemGroup>
  <ItemGroup>
    <Filter Include="OS">
      <UniqueIdentifier>{b69208f2-6c94-4f93-bc2a-7f5284b7d434}</UniqueIdentifier>
    </Filter>
  </ItemGroup>
  <ItemGroup>
    <Filter Include="Reflection">
      <UniqueIdentifier>{2328d787-6c94-4f93-bc2a-7f5284b7d434}</UniqueIdentifier>
    </Filter>
  </ItemGroup>
  <ItemGroup>
    <Filter Include="Streaming">
      <UniqueIdentifier>{79218339-6c94-4f93-bc2a-7f5284b7d434}</UniqueIdentifier>
    </Filter>
  </ItemGroup>
  <ItemGroup>
    <Filter Include="Util">
      <UniqueIdentifier>{d0aa5700-6c94-4f93-bc2a-7f5284b7d434}</UniqueIdentifier>
    </Filter>
  </ItemGroup>
</Project>