<?xml version="1.0" encoding="utf-8"?>
<Project ToolsVersion="4.0" xmlns="http://schemas.microsoft.com/developer/msbuild/2003">
  <ItemGroup>
    <CustomBuild Include="Assets\MaterialAsset.cpp">
      <Filter>Assets</Filter>
    </CustomBuild>
    <CustomBuild Include="Assets\MaterialAsset.h">
      <Filter>Assets</Filter>
    </CustomBuild>
    <CustomBuild Include="Assets\MeshAsset.cpp">
      <Filter>Assets</Filter>
    </CustomBuild>
    <CustomBuild Include="Assets\MeshAsset.h">
      <Filter>Assets</Filter>
    </CustomBuild>
    <CustomBuild Include="Assets\TextureAsset.cpp">
      <Filter>Assets</Filter>
    </CustomBuild>
    <CustomBuild Include="Assets\TextureAsset.h">
      <Filter>Assets</Filter>
    </CustomBuild>
    <CustomBuild Include="Components\BasicMovementComponent.cpp">
      <Filter>Components</Filter>
    </CustomBuild>
    <CustomBuild Include="Components\BasicMovementComponent.h">
      <Filter>Components</Filter>
    </CustomBuild>
    <CustomBuild Include="Components\CameraComponent.cpp">
      <Filter>Components</Filter>
    </CustomBuild>
    <CustomBuild Include="Components\CameraComponent.h">
      <Filter>Components</Filter>
    </CustomBuild>
    <CustomBuild Include="Components\GameComponent.cpp">
      <Filter>Components</Filter>
    </CustomBuild>
    <CustomBuild Include="Components\GameComponent.h">
      <Filter>Components</Filter>
    </CustomBuild>
    <CustomBuild Include="Components\LightComponent.cpp">
      <Filter>Components</Filter>
    </CustomBuild>
    <CustomBuild Include="Components\LightComponent.h">
      <Filter>Components</Filter>
    </CustomBuild>
    <CustomBuild Include="Components\LightComponent.inl">
      <Filter>Components</Filter>
    </CustomBuild>
    <CustomBuild Include="Components\RigidbodyComponent.cpp">
      <Filter>Components</Filter>
    </CustomBuild>
    <CustomBuild Include="Components\RigidbodyComponent.h">
      <Filter>Components</Filter>
    </CustomBuild>
    <CustomBuild Include="Components\SkyboxComponent.cpp">
      <Filter>Components</Filter>
    </CustomBuild>
    <CustomBuild Include="Components\SkyboxComponent.h">
      <Filter>Components</Filter>
    </CustomBuild>
    <CustomBuild Include="Components\StaticMeshComponent.cpp">
      <Filter>Components</Filter>
    </CustomBuild>
    <CustomBuild Include="Components\StaticMeshComponent.h">
      <Filter>Components</Filter>
    </CustomBuild>
    <CustomBuild Include="Engine.bff">
    </CustomBuild>
    <CustomBuild Include="Engine.cpp">
    </CustomBuild>
    <CustomBuild Include="Engine.h">
    </CustomBuild>
    <CustomBuild Include="EngineReflection.cpp">
    </CustomBuild>
    <CustomBuild Include="GeneratedCode\BasicMovementComponent.reflgen.h">
      <Filter>GeneratedCode</Filter>
    </CustomBuild>
    <CustomBuild Include="GeneratedCode\CameraComponent.reflgen.cpp">
      <Filter>GeneratedCode</Filter>
    </CustomBuild>
    <CustomBuild Include="GeneratedCode\CameraComponent.reflgen.h">
      <Filter>GeneratedCode</Filter>
    </CustomBuild>
    <CustomBuild Include="GeneratedCode\EngineReflection_Debug.reflgen.cpp">
      <Filter>GeneratedCode</Filter>
    </CustomBuild>
    <CustomBuild Include="GeneratedCode\EngineReflection_Debug.reflgen.h">
      <Filter>GeneratedCode</Filter>
    </CustomBuild>
    <CustomBuild Include="GeneratedCode\LightComponent.reflgen.h">
      <Filter>GeneratedCode</Filter>
    </CustomBuild>
    <CustomBuild Include="GeneratedCode\RigidbodyComponent.reflgen.h">
      <Filter>GeneratedCode</Filter>
    </CustomBuild>
    <CustomBuild Include="GeneratedCode\SkyboxComponent.reflgen.h">
      <Filter>GeneratedCode</Filter>
    </CustomBuild>
    <CustomBuild Include="GeneratedCode\StaticMeshComponent.reflgen.h">
      <Filter>GeneratedCode</Filter>
    </CustomBuild>
    <CustomBuild Include="GeneratedCode\TestComponent.reflgen.h">
      <Filter>GeneratedCode</Filter>
    </CustomBuild>
    <CustomBuild Include="Input\Input.cpp">
      <Filter>Input</Filter>
    </CustomBuild>
    <CustomBuild Include="Input\Input.h">
      <Filter>Input</Filter>
    </CustomBuild>
    <CustomBuild Include="Physics\Physics.cpp">
      <Filter>Physics</Filter>
    </CustomBuild>
    <CustomBuild Include="Physics\Physics.h">
      <Filter>Physics</Filter>
    </CustomBuild>
    <CustomBuild Include="Physics\PhysicsDefs.h">
      <Filter>Physics</Filter>
    </CustomBuild>
    <CustomBuild Include="Physics\PhysicsErrorHandler.cpp">
      <Filter>Physics</Filter>
    </CustomBuild>
    <CustomBuild Include="Physics\PhysicsErrorHandler.h">
      <Filter>Physics</Filter>
    </CustomBuild>
    <CustomBuild Include="Physics\PhysicsMaterial.cpp">
      <Filter>Physics</Filter>
    </CustomBuild>
    <CustomBuild Include="Physics\PhysicsMaterial.h">
      <Filter>Physics</Filter>
    </CustomBuild>
    <CustomBuild Include="Physics\PhysicsMemory.cpp">
      <Filter>Physics</Filter>
    </CustomBuild>
    <CustomBuild Include="Physics\PhysicsMemory.h">
      <Filter>Physics</Filter>
    </CustomBuild>
    <CustomBuild Include="Physics\PhysicsRigidBody.cpp">
      <Filter>Physics</Filter>
    </CustomBuild>
    <CustomBuild Include="Physics\PhysicsRigidBody.h">
      <Filter>Physics</Filter>
    </CustomBuild>
    <CustomBuild Include="Physics\PhysicsShape.h">
      <Filter>Physics</Filter>
    </CustomBuild>
    <CustomBuild Include="Physics\PhysicsUtil.cpp">
      <Filter>Physics</Filter>
    </CustomBuild>
    <CustomBuild Include="Physics\PhysicsUtil.h">
      <Filter>Physics</Filter>
    </CustomBuild>
    <CustomBuild Include="World\GameObject.cpp">
      <Filter>World</Filter>
    </CustomBuild>
    <CustomBuild Include="World\GameObject.h">
      <Filter>World</Filter>
    </CustomBuild>
    <CustomBuild Include="World\World.cpp">
      <Filter>World</Filter>
    </CustomBuild>
    <CustomBuild Include="World\World.h">
      <Filter>World</Filter>
    </CustomBuild>
  </ItemGroup>
  <ItemGroup>
    <Filter Include="Assets">
      <UniqueIdentifier>{53e76458-6c94-4f93-bc2a-7f5284b7d434}</UniqueIdentifier>
    </Filter>
  </ItemGroup>
  <ItemGroup>
    <Filter Include="Components">
      <UniqueIdentifier>{c49fad63-6c94-4f93-bc2a-7f5284b7d434}</UniqueIdentifier>
    </Filter>
  </ItemGroup>
  <ItemGroup>
    <Filter Include="GeneratedCode">
      <UniqueIdentifier>{56bea851-6c94-4f93-bc2a-7f5284b7d434}</UniqueIdentifier>
    </Filter>
  </ItemGroup>
  <ItemGroup>
    <Filter Include="Input">
      <UniqueIdentifier>{33f689fb-6c94-4f93-bc2a-7f5284b7d434}</UniqueIdentifier>
    </Filter>
  </ItemGroup>
  <ItemGroup>
    <Filter Include="Physics">
      <UniqueIdentifier>{d34b8b3e-6c94-4f93-bc2a-7f5284b7d434}</UniqueIdentifier>
    </Filter>
  </ItemGroup>
  <ItemGroup>
    <Filter Include="World">
      <UniqueIdentifier>{845694c7-6c94-4f93-bc2a-7f5284b7d434}</UniqueIdentifier>
    </Filter>
  </ItemGroup>
</Project>